Microsoft Visual Studio Solution File, Format Version 12.00
# Visual Studio Version 17
VisualStudioVersion = 17.10.34928.147
MinimumVisualStudioVersion = 10.0.40219.1
Project("{2150E333-8FDC-42A3-9474-1A3956D46DE8}") = "src", "src", "{67ECCA5D-EE5F-4031-BB38-9669CF9606E7}"
EndProject
Project("{2150E333-8FDC-42A3-9474-1A3956D46DE8}") = "core", "core", "{A8BC63C7-98A1-4D56-8BA9-ED2F75EC81E5}"
EndProject
Project("{2150E333-8FDC-42A3-9474-1A3956D46DE8}") = "notifications", "notifications", "{10231988-1965-4871-9B25-F387C17E0A4E}"
EndProject
Project("{2150E333-8FDC-42A3-9474-1A3956D46DE8}") = "services", "services", "{49B7BE5A-35C5-485D-A655-541656920765}"
EndProject
Project("{2150E333-8FDC-42A3-9474-1A3956D46DE8}") = "solution-items", "solution-items", "{132E6773-BB91-4323-B60C-F34187C2C78D}"
EndProject
Project("{2150E333-8FDC-42A3-9474-1A3956D46DE8}") = "shared", "shared", "{337083CA-A115-4F4F-B0ED-7172281CDFEE}"
EndProject
Project("{2150E333-8FDC-42A3-9474-1A3956D46DE8}") = "tests", "tests", "{BE1DDF25-31BB-43D7-B8FB-B7F535C8EA65}"
EndProject
Project("{9A19103F-16F7-4668-BE54-9A1E7A4F7556}") = "Tickest.Domain", "src\core\Tickest.Domain\Tickest.Domain.csproj", "{2DE01C11-4F7E-499A-9B11-085CC6BAC237}"
EndProject
Project("{9A19103F-16F7-4668-BE54-9A1E7A4F7556}") = "Tickest.Application", "src\core\Tickest.Application\Tickest.Application.csproj", "{D3968275-FA71-4256-B38D-F9DE9810FAC7}"
EndProject
Project("{9A19103F-16F7-4668-BE54-9A1E7A4F7556}") = "Tickest.Infrastructure", "src\services\Tickest.Infrastructure\Tickest.Infrastructure.csproj", "{7253E1C6-9AAC-46E3-8B8A-41BC38918E0C}"
EndProject
Project("{9A19103F-16F7-4668-BE54-9A1E7A4F7556}") = "Tickest.Persistence", "src\services\Tickest.Persistence\Tickest.Persistence.csproj", "{7319AE8A-702D-4464-98EF-2581021573EE}"
EndProject
Project("{9A19103F-16F7-4668-BE54-9A1E7A4F7556}") = "Tickest.WebApi", "src\services\Tickest.WebApi\WebApi.csproj", "{4A2377A0-C64C-460C-9C7C-834FAC528B3A}"
EndProject
Project("{FAE04EC0-301F-11D3-BF4B-00C04F79EFBC}") = "Tickest.Tests", "tests\Tickest.Tests\Tickest.Tests.csproj", "{8EED45BC-335D-4940-B90E-B2D0D2D1E329}"
EndProject
Global
	GlobalSection(SolutionConfigurationPlatforms) = preSolution
		Debug|Any CPU = Debug|Any CPU
		Release|Any CPU = Release|Any CPU
	EndGlobalSection
	GlobalSection(ProjectConfigurationPlatforms) = postSolution
		{2DE01C11-4F7E-499A-9B11-085CC6BAC237}.Debug|Any CPU.ActiveCfg = Debug|Any CPU
		{2DE01C11-4F7E-499A-9B11-085CC6BAC237}.Debug|Any CPU.Build.0 = Debug|Any CPU
		{2DE01C11-4F7E-499A-9B11-085CC6BAC237}.Release|Any CPU.ActiveCfg = Release|Any CPU
		{2DE01C11-4F7E-499A-9B11-085CC6BAC237}.Release|Any CPU.Build.0 = Release|Any CPU
		{D3968275-FA71-4256-B38D-F9DE9810FAC7}.Debug|Any CPU.ActiveCfg = Debug|Any CPU
		{D3968275-FA71-4256-B38D-F9DE9810FAC7}.Debug|Any CPU.Build.0 = Debug|Any CPU
		{D3968275-FA71-4256-B38D-F9DE9810FAC7}.Release|Any CPU.ActiveCfg = Release|Any CPU
		{D3968275-FA71-4256-B38D-F9DE9810FAC7}.Release|Any CPU.Build.0 = Release|Any CPU
		{7253E1C6-9AAC-46E3-8B8A-41BC38918E0C}.Debug|Any CPU.ActiveCfg = Debug|Any CPU
		{7253E1C6-9AAC-46E3-8B8A-41BC38918E0C}.Debug|Any CPU.Build.0 = Debug|Any CPU
		{7253E1C6-9AAC-46E3-8B8A-41BC38918E0C}.Release|Any CPU.ActiveCfg = Release|Any CPU
		{7253E1C6-9AAC-46E3-8B8A-41BC38918E0C}.Release|Any CPU.Build.0 = Release|Any CPU
		{7319AE8A-702D-4464-98EF-2581021573EE}.Debug|Any CPU.ActiveCfg = Debug|Any CPU
		{7319AE8A-702D-4464-98EF-2581021573EE}.Debug|Any CPU.Build.0 = Debug|Any CPU
		{7319AE8A-702D-4464-98EF-2581021573EE}.Release|Any CPU.ActiveCfg = Release|Any CPU
		{7319AE8A-702D-4464-98EF-2581021573EE}.Release|Any CPU.Build.0 = Release|Any CPU
		{4A2377A0-C64C-460C-9C7C-834FAC528B3A}.Debug|Any CPU.ActiveCfg = Debug|Any CPU
		{4A2377A0-C64C-460C-9C7C-834FAC528B3A}.Debug|Any CPU.Build.0 = Debug|Any CPU
		{4A2377A0-C64C-460C-9C7C-834FAC528B3A}.Release|Any CPU.ActiveCfg = Release|Any CPU
		{4A2377A0-C64C-460C-9C7C-834FAC528B3A}.Release|Any CPU.Build.0 = Release|Any CPU
		{8EED45BC-335D-4940-B90E-B2D0D2D1E329}.Debug|Any CPU.ActiveCfg = Debug|Any CPU
		{8EED45BC-335D-4940-B90E-B2D0D2D1E329}.Debug|Any CPU.Build.0 = Debug|Any CPU
		{8EED45BC-335D-4940-B90E-B2D0D2D1E329}.Release|Any CPU.ActiveCfg = Release|Any CPU
		{8EED45BC-335D-4940-B90E-B2D0D2D1E329}.Release|Any CPU.Build.0 = Release|Any CPU
	EndGlobalSection
	GlobalSection(SolutionProperties) = preSolution
		HideSolutionNode = FALSE
	EndGlobalSection
	GlobalSection(NestedProjects) = preSolution
		{A8BC63C7-98A1-4D56-8BA9-ED2F75EC81E5} = {67ECCA5D-EE5F-4031-BB38-9669CF9606E7}
		{10231988-1965-4871-9B25-F387C17E0A4E} = {67ECCA5D-EE5F-4031-BB38-9669CF9606E7}
		{49B7BE5A-35C5-485D-A655-541656920765} = {67ECCA5D-EE5F-4031-BB38-9669CF9606E7}
		{132E6773-BB91-4323-B60C-F34187C2C78D} = {67ECCA5D-EE5F-4031-BB38-9669CF9606E7}
		{337083CA-A115-4F4F-B0ED-7172281CDFEE} = {67ECCA5D-EE5F-4031-BB38-9669CF9606E7}
		{2DE01C11-4F7E-499A-9B11-085CC6BAC237} = {A8BC63C7-98A1-4D56-8BA9-ED2F75EC81E5}
		{D3968275-FA71-4256-B38D-F9DE9810FAC7} = {A8BC63C7-98A1-4D56-8BA9-ED2F75EC81E5}
		{7253E1C6-9AAC-46E3-8B8A-41BC38918E0C} = {49B7BE5A-35C5-485D-A655-541656920765}
		{7319AE8A-702D-4464-98EF-2581021573EE} = {49B7BE5A-35C5-485D-A655-541656920765}
		{4A2377A0-C64C-460C-9C7C-834FAC528B3A} = {49B7BE5A-35C5-485D-A655-541656920765}
		{8EED45BC-335D-4940-B90E-B2D0D2D1E329} = {BE1DDF25-31BB-43D7-B8FB-B7F535C8EA65}
	EndGlobalSection
	GlobalSection(ExtensibilityGlobals) = postSolution
		SolutionGuid = {8A3EB40B-466C-4BDE-BB17-DF8A849D3CE2}
	EndGlobalSection
EndGlobal
